
Microsoft Visual Studio Solution File, Format Version 12.00
# Visual Studio 15
VisualStudioVersion = 15.0.27004.2002
MinimumVisualStudioVersion = 10.0.40219.1
Project("{FAE04EC0-301F-11D3-BF4B-00C04F79EFBC}") = "vista", "vista\vista.csproj", "{820D7BEB-44B1-42F9-830A-BE8AA223EE23}"
EndProject
Project("{FAE04EC0-301F-11D3-BF4B-00C04F79EFBC}") = "BibliotecaSQL", "BibliotecaSQL\BibliotecaSQL.csproj", "{C21DFF01-08EE-4CE0-B102-0607B5B251A0}"
EndProject
Global
	GlobalSection(SolutionConfigurationPlatforms) = preSolution
		Debug|Any CPU = Debug|Any CPU
		Release|Any CPU = Release|Any CPU
	EndGlobalSection
	GlobalSection(ProjectConfigurationPlatforms) = postSolution
		{820D7BEB-44B1-42F9-830A-BE8AA223EE23}.Debug|Any CPU.ActiveCfg = Debug|Any CPU
		{820D7BEB-44B1-42F9-830A-BE8AA223EE23}.Debug|Any CPU.Build.0 = Debug|Any CPU
		{820D7BEB-44B1-42F9-830A-BE8AA223EE23}.Release|Any CPU.ActiveCfg = Release|Any CPU
		{820D7BEB-44B1-42F9-830A-BE8AA223EE23}.Release|Any CPU.Build.0 = Release|Any CPU
		{C21DFF01-08EE-4CE0-B102-0607B5B251A0}.Debug|Any CPU.ActiveCfg = Debug|Any CPU
		{C21DFF01-08EE-4CE0-B102-0607B5B251A0}.Debug|Any CPU.Build.0 = Debug|Any CPU
		{C21DFF01-08EE-4CE0-B102-0607B5B251A0}.Release|Any CPU.ActiveCfg = Release|Any CPU
		{C21DFF01-08EE-4CE0-B102-0607B5B251A0}.Release|Any CPU.Build.0 = Release|Any CPU
	EndGlobalSection
	GlobalSection(SolutionProperties) = preSolution
		HideSolutionNode = FALSE
	EndGlobalSection
	GlobalSection(ExtensibilityGlobals) = postSolution
		SolutionGuid = {708A0AC3-55A0-4572-8E67-E507A6A91D0E}
	EndGlobalSection
EndGlobal
